
Microsoft Visual Studio Solution File, Format Version 11.00
# Visual Studio 2010
Project("{C8D11400-126E-41CD-887F-60BD40844F9E}") = "Repo.Datamart", "Repo.Datamart\Repo.Datamart.dbproj", "{D4E75265-3F53-453C-942D-A2DFF84FEBBD}"
EndProject
Project("{C8D11400-126E-41CD-887F-60BD40844F9E}") = "Repo.Staging", "Repo.Staging\Repo.Staging.dbproj", "{67CBC824-A49E-4E9B-A947-360F3DFE65C3}"
EndProject
Global
	GlobalSection(SolutionConfigurationPlatforms) = preSolution
		Debug|Any CPU = Debug|Any CPU
		Release|Any CPU = Release|Any CPU
	EndGlobalSection
	GlobalSection(ProjectConfigurationPlatforms) = postSolution
		{D4E75265-3F53-453C-942D-A2DFF84FEBBD}.Debug|Any CPU.ActiveCfg = Debug|Any CPU
		{D4E75265-3F53-453C-942D-A2DFF84FEBBD}.Debug|Any CPU.Build.0 = Debug|Any CPU
		{D4E75265-3F53-453C-942D-A2DFF84FEBBD}.Debug|Any CPU.Deploy.0 = Debug|Any CPU
		{D4E75265-3F53-453C-942D-A2DFF84FEBBD}.Release|Any CPU.ActiveCfg = Release|Any CPU
		{D4E75265-3F53-453C-942D-A2DFF84FEBBD}.Release|Any CPU.Build.0 = Release|Any CPU
		{D4E75265-3F53-453C-942D-A2DFF84FEBBD}.Release|Any CPU.Deploy.0 = Release|Any CPU
		{67CBC824-A49E-4E9B-A947-360F3DFE65C3}.Debug|Any CPU.ActiveCfg = Debug|Any CPU
		{67CBC824-A49E-4E9B-A947-360F3DFE65C3}.Debug|Any CPU.Build.0 = Debug|Any CPU
		{67CBC824-A49E-4E9B-A947-360F3DFE65C3}.Debug|Any CPU.Deploy.0 = Debug|Any CPU
		{67CBC824-A49E-4E9B-A947-360F3DFE65C3}.Release|Any CPU.ActiveCfg = Release|Any CPU
		{67CBC824-A49E-4E9B-A947-360F3DFE65C3}.Release|Any CPU.Build.0 = Release|Any CPU
		{67CBC824-A49E-4E9B-A947-360F3DFE65C3}.Release|Any CPU.Deploy.0 = Release|Any CPU
	EndGlobalSection
	GlobalSection(SolutionProperties) = preSolution
		HideSolutionNode = FALSE
	EndGlobalSection
EndGlobal
